
Microsoft Visual Studio Solution File, Format Version 12.00
# Visual Studio Version 16
VisualStudioVersion = 16.0.29728.190
MinimumVisualStudioVersion = 10.0.40219.1
Project("{FAE04EC0-301F-11D3-BF4B-00C04F79EFBC}") = "RPG", "RPG\RPG.csproj", "{C43CC300-AEAB-461B-8A4F-F88110D6A5BE}"
EndProject
Project("{FAE04EC0-301F-11D3-BF4B-00C04F79EFBC}") = "MathLibrary", "MathLibrary\MathLibrary.csproj", "{C3A5EB0F-EC2B-41BA-BEA2-D7A3FA2371FD}"
EndProject
Global
	GlobalSection(SolutionConfigurationPlatforms) = preSolution
		Debug|Any CPU = Debug|Any CPU
		Release|Any CPU = Release|Any CPU
	EndGlobalSection
	GlobalSection(ProjectConfigurationPlatforms) = postSolution
		{C43CC300-AEAB-461B-8A4F-F88110D6A5BE}.Debug|Any CPU.ActiveCfg = Debug|Any CPU
		{C43CC300-AEAB-461B-8A4F-F88110D6A5BE}.Debug|Any CPU.Build.0 = Debug|Any CPU
		{C43CC300-AEAB-461B-8A4F-F88110D6A5BE}.Release|Any CPU.ActiveCfg = Release|Any CPU
		{C43CC300-AEAB-461B-8A4F-F88110D6A5BE}.Release|Any CPU.Build.0 = Release|Any CPU
		{C3A5EB0F-EC2B-41BA-BEA2-D7A3FA2371FD}.Debug|Any CPU.ActiveCfg = Debug|Any CPU
		{C3A5EB0F-EC2B-41BA-BEA2-D7A3FA2371FD}.Debug|Any CPU.Build.0 = Debug|Any CPU
		{C3A5EB0F-EC2B-41BA-BEA2-D7A3FA2371FD}.Release|Any CPU.ActiveCfg = Release|Any CPU
		{C3A5EB0F-EC2B-41BA-BEA2-D7A3FA2371FD}.Release|Any CPU.Build.0 = Release|Any CPU
	EndGlobalSection
	GlobalSection(SolutionProperties) = preSolution
		HideSolutionNode = FALSE
	EndGlobalSection
	GlobalSection(ExtensibilityGlobals) = postSolution
		SolutionGuid = {8824C149-37C3-4134-8C42-D6109F63B3C4}
	EndGlobalSection
EndGlobal
